
Microsoft Visual Studio Solution File, Format Version 12.00
# Visual Studio Version 17
VisualStudioVersion = 17.2.32526.322
MinimumVisualStudioVersion = 10.0.40219.1
Project("{FAE04EC0-301F-11D3-BF4B-00C04F79EFBC}") = "conway_life", "conway_life\conway_life.csproj", "{2CF38334-FD5F-4ED4-81E1-08006636CDF4}"
EndProject
Global
	GlobalSection(SolutionConfigurationPlatforms) = preSolution
		Debug|Any CPU = Debug|Any CPU
		Release|Any CPU = Release|Any CPU
	EndGlobalSection
	GlobalSection(ProjectConfigurationPlatforms) = postSolution
		{2CF38334-FD5F-4ED4-81E1-08006636CDF4}.Debug|Any CPU.ActiveCfg = Debug|Any CPU
		{2CF38334-FD5F-4ED4-81E1-08006636CDF4}.Debug|Any CPU.Build.0 = Debug|Any CPU
		{2CF38334-FD5F-4ED4-81E1-08006636CDF4}.Release|Any CPU.ActiveCfg = Release|Any CPU
		{2CF38334-FD5F-4ED4-81E1-08006636CDF4}.Release|Any CPU.Build.0 = Release|Any CPU
	EndGlobalSection
	GlobalSection(SolutionProperties) = preSolution
		HideSolutionNode = FALSE
	EndGlobalSection
	GlobalSection(ExtensibilityGlobals) = postSolution
		SolutionGuid = {CE94A575-E5B8-4D3F-BA43-8EF4F850FF42}
	EndGlobalSection
EndGlobal
